
Microsoft Visual Studio Solution File, Format Version 12.00
# Visual Studio Version 17
VisualStudioVersion = 17.2.32630.192
MinimumVisualStudioVersion = 10.0.40219.1
Project("{FAE04EC0-301F-11D3-BF4B-00C04F79EFBC}") = "WpfHook", "WpfHook\WpfHook.csproj", "{E455151F-9C84-423D-85C8-BE2A70E5903D}"
EndProject
Global
	GlobalSection(SolutionConfigurationPlatforms) = preSolution
		Debug|Any CPU = Debug|Any CPU
		Release|Any CPU = Release|Any CPU
	EndGlobalSection
	GlobalSection(ProjectConfigurationPlatforms) = postSolution
		{E455151F-9C84-423D-85C8-BE2A70E5903D}.Debug|Any CPU.ActiveCfg = Debug|Any CPU
		{E455151F-9C84-423D-85C8-BE2A70E5903D}.Debug|Any CPU.Build.0 = Debug|Any CPU
		{E455151F-9C84-423D-85C8-BE2A70E5903D}.Release|Any CPU.ActiveCfg = Release|Any CPU
		{E455151F-9C84-423D-85C8-BE2A70E5903D}.Release|Any CPU.Build.0 = Release|Any CPU
	EndGlobalSection
	GlobalSection(SolutionProperties) = preSolution
		HideSolutionNode = FALSE
	EndGlobalSection
	GlobalSection(ExtensibilityGlobals) = postSolution
		SolutionGuid = {6C2BD161-0CFE-4268-98FF-86F7BEB75AE0}
	EndGlobalSection
EndGlobal
